
Microsoft Visual Studio Solution File, Format Version 12.00
# Visual Studio 14
VisualStudioVersion = 14.0.25420.1
MinimumVisualStudioVersion = 10.0.40219.1
Project("{FAE04EC0-301F-11D3-BF4B-00C04F79EFBC}") = "6", "6\6.csproj", "{34796725-80A7-45FD-AFD7-54491381D351}"
EndProject
Project("{FAE04EC0-301F-11D3-BF4B-00C04F79EFBC}") = "1", "1\1.csproj", "{57398E3A-28F6-4C37-BC16-A3A61C015687}"
EndProject
Project("{FAE04EC0-301F-11D3-BF4B-00C04F79EFBC}") = "2", "2\2.csproj", "{CCCFFFB6-2D34-4035-931F-C872951B03D2}"
EndProject
Project("{FAE04EC0-301F-11D3-BF4B-00C04F79EFBC}") = "4", "4\4.csproj", "{D3B965FE-C8EB-4D09-BD79-62A9E4408F7C}"
EndProject
Global
	GlobalSection(SolutionConfigurationPlatforms) = preSolution
		Debug|Any CPU = Debug|Any CPU
		Release|Any CPU = Release|Any CPU
	EndGlobalSection
	GlobalSection(ProjectConfigurationPlatforms) = postSolution
		{34796725-80A7-45FD-AFD7-54491381D351}.Debug|Any CPU.ActiveCfg = Debug|Any CPU
		{34796725-80A7-45FD-AFD7-54491381D351}.Debug|Any CPU.Build.0 = Debug|Any CPU
		{34796725-80A7-45FD-AFD7-54491381D351}.Release|Any CPU.ActiveCfg = Release|Any CPU
		{34796725-80A7-45FD-AFD7-54491381D351}.Release|Any CPU.Build.0 = Release|Any CPU
		{57398E3A-28F6-4C37-BC16-A3A61C015687}.Debug|Any CPU.ActiveCfg = Debug|Any CPU
		{57398E3A-28F6-4C37-BC16-A3A61C015687}.Debug|Any CPU.Build.0 = Debug|Any CPU
		{57398E3A-28F6-4C37-BC16-A3A61C015687}.Release|Any CPU.ActiveCfg = Release|Any CPU
		{57398E3A-28F6-4C37-BC16-A3A61C015687}.Release|Any CPU.Build.0 = Release|Any CPU
		{CCCFFFB6-2D34-4035-931F-C872951B03D2}.Debug|Any CPU.ActiveCfg = Debug|Any CPU
		{CCCFFFB6-2D34-4035-931F-C872951B03D2}.Debug|Any CPU.Build.0 = Debug|Any CPU
		{CCCFFFB6-2D34-4035-931F-C872951B03D2}.Release|Any CPU.ActiveCfg = Release|Any CPU
		{CCCFFFB6-2D34-4035-931F-C872951B03D2}.Release|Any CPU.Build.0 = Release|Any CPU
		{D3B965FE-C8EB-4D09-BD79-62A9E4408F7C}.Debug|Any CPU.ActiveCfg = Debug|Any CPU
		{D3B965FE-C8EB-4D09-BD79-62A9E4408F7C}.Debug|Any CPU.Build.0 = Debug|Any CPU
		{D3B965FE-C8EB-4D09-BD79-62A9E4408F7C}.Release|Any CPU.ActiveCfg = Release|Any CPU
		{D3B965FE-C8EB-4D09-BD79-62A9E4408F7C}.Release|Any CPU.Build.0 = Release|Any CPU
	EndGlobalSection
	GlobalSection(SolutionProperties) = preSolution
		HideSolutionNode = FALSE
	EndGlobalSection
EndGlobal
